
Microsoft Visual Studio Solution File, Format Version 12.00
# Visual Studio Version 17
VisualStudioVersion = 17.5.33530.505
MinimumVisualStudioVersion = 10.0.40219.1
Project("{FAE04EC0-301F-11D3-BF4B-00C04F79EFBC}") = "NetCoreWebDemo", "NetCoreWebDemo\NetCoreWebDemo.csproj", "{9AD5A150-F13F-4326-B89B-8DAB7A853790}"
EndProject
Project("{FAE04EC0-301F-11D3-BF4B-00C04F79EFBC}") = "Entities", "Entities\Entities.csproj", "{B0CDE865-8A54-4007-B4B7-3E81A41A95F0}"
EndProject
Project("{FAE04EC0-301F-11D3-BF4B-00C04F79EFBC}") = "DAL", "Dal\DAL.csproj", "{8D368F1A-40CB-42C2-A91E-9A78D2FC0468}"
EndProject
Project("{FAE04EC0-301F-11D3-BF4B-00C04F79EFBC}") = "BL", "BL\BL.csproj", "{8DC74522-0E32-4082-A315-080C7BFC8DEA}"
EndProject
Global
	GlobalSection(SolutionConfigurationPlatforms) = preSolution
		Debug|Any CPU = Debug|Any CPU
		Release|Any CPU = Release|Any CPU
	EndGlobalSection
	GlobalSection(ProjectConfigurationPlatforms) = postSolution
		{9AD5A150-F13F-4326-B89B-8DAB7A853790}.Debug|Any CPU.ActiveCfg = Debug|Any CPU
		{9AD5A150-F13F-4326-B89B-8DAB7A853790}.Debug|Any CPU.Build.0 = Debug|Any CPU
		{9AD5A150-F13F-4326-B89B-8DAB7A853790}.Release|Any CPU.ActiveCfg = Release|Any CPU
		{9AD5A150-F13F-4326-B89B-8DAB7A853790}.Release|Any CPU.Build.0 = Release|Any CPU
		{B0CDE865-8A54-4007-B4B7-3E81A41A95F0}.Debug|Any CPU.ActiveCfg = Debug|Any CPU
		{B0CDE865-8A54-4007-B4B7-3E81A41A95F0}.Debug|Any CPU.Build.0 = Debug|Any CPU
		{B0CDE865-8A54-4007-B4B7-3E81A41A95F0}.Release|Any CPU.ActiveCfg = Release|Any CPU
		{B0CDE865-8A54-4007-B4B7-3E81A41A95F0}.Release|Any CPU.Build.0 = Release|Any CPU
		{8D368F1A-40CB-42C2-A91E-9A78D2FC0468}.Debug|Any CPU.ActiveCfg = Debug|Any CPU
		{8D368F1A-40CB-42C2-A91E-9A78D2FC0468}.Debug|Any CPU.Build.0 = Debug|Any CPU
		{8D368F1A-40CB-42C2-A91E-9A78D2FC0468}.Release|Any CPU.ActiveCfg = Release|Any CPU
		{8D368F1A-40CB-42C2-A91E-9A78D2FC0468}.Release|Any CPU.Build.0 = Release|Any CPU
		{8DC74522-0E32-4082-A315-080C7BFC8DEA}.Debug|Any CPU.ActiveCfg = Debug|Any CPU
		{8DC74522-0E32-4082-A315-080C7BFC8DEA}.Debug|Any CPU.Build.0 = Debug|Any CPU
		{8DC74522-0E32-4082-A315-080C7BFC8DEA}.Release|Any CPU.ActiveCfg = Release|Any CPU
		{8DC74522-0E32-4082-A315-080C7BFC8DEA}.Release|Any CPU.Build.0 = Release|Any CPU
	EndGlobalSection
	GlobalSection(SolutionProperties) = preSolution
		HideSolutionNode = FALSE
	EndGlobalSection
	GlobalSection(ExtensibilityGlobals) = postSolution
		SolutionGuid = {2D627B8D-0E4D-4700-95EA-C01CF7AFEE81}
	EndGlobalSection
EndGlobal
